
Microsoft Visual Studio Solution File, Format Version 12.00
# Visual Studio Version 17
VisualStudioVersion = 17.3.32929.385
MinimumVisualStudioVersion = 10.0.40219.1
Project("{FAE04EC0-301F-11D3-BF4B-00C04F79EFBC}") = "HackernewsUI", "HackernewsUI\HackernewsUI.csproj", "{5BE4D72D-7EF5-4636-AD7E-70C5843447A1}"
EndProject
Project("{FAE04EC0-301F-11D3-BF4B-00C04F79EFBC}") = "HackernewsUI.Infrastructure", "HackernewsUI.Infgrastructure\HackernewsUI.Infrastructure.csproj", "{23D7DFCB-5BC8-4DB9-91CC-A88971B8C813}"
EndProject
Project("{FAE04EC0-301F-11D3-BF4B-00C04F79EFBC}") = "HackernewsUI.Domain", "HackernewsUI.Domain\HackernewsUI.Domain.csproj", "{579D3628-5D74-46AB-8943-AB801BD197C1}"
EndProject
Global
	GlobalSection(SolutionConfigurationPlatforms) = preSolution
		Debug|Any CPU = Debug|Any CPU
		Release|Any CPU = Release|Any CPU
	EndGlobalSection
	GlobalSection(ProjectConfigurationPlatforms) = postSolution
		{5BE4D72D-7EF5-4636-AD7E-70C5843447A1}.Debug|Any CPU.ActiveCfg = Debug|Any CPU
		{5BE4D72D-7EF5-4636-AD7E-70C5843447A1}.Debug|Any CPU.Build.0 = Debug|Any CPU
		{5BE4D72D-7EF5-4636-AD7E-70C5843447A1}.Release|Any CPU.ActiveCfg = Release|Any CPU
		{5BE4D72D-7EF5-4636-AD7E-70C5843447A1}.Release|Any CPU.Build.0 = Release|Any CPU
		{23D7DFCB-5BC8-4DB9-91CC-A88971B8C813}.Debug|Any CPU.ActiveCfg = Debug|Any CPU
		{23D7DFCB-5BC8-4DB9-91CC-A88971B8C813}.Debug|Any CPU.Build.0 = Debug|Any CPU
		{23D7DFCB-5BC8-4DB9-91CC-A88971B8C813}.Release|Any CPU.ActiveCfg = Release|Any CPU
		{23D7DFCB-5BC8-4DB9-91CC-A88971B8C813}.Release|Any CPU.Build.0 = Release|Any CPU
		{579D3628-5D74-46AB-8943-AB801BD197C1}.Debug|Any CPU.ActiveCfg = Debug|Any CPU
		{579D3628-5D74-46AB-8943-AB801BD197C1}.Debug|Any CPU.Build.0 = Debug|Any CPU
		{579D3628-5D74-46AB-8943-AB801BD197C1}.Release|Any CPU.ActiveCfg = Release|Any CPU
		{579D3628-5D74-46AB-8943-AB801BD197C1}.Release|Any CPU.Build.0 = Release|Any CPU
	EndGlobalSection
	GlobalSection(SolutionProperties) = preSolution
		HideSolutionNode = FALSE
	EndGlobalSection
	GlobalSection(ExtensibilityGlobals) = postSolution
		SolutionGuid = {990AE547-3958-4EF0-94D6-E2DA7D6359F9}
	EndGlobalSection
EndGlobal
